{
  "name": "xr-types",
  "version": "1.0.0",
  "lockfileVersion": 1,
  "requires": true,
  "dependencies": {
    "@types/aframe": {
      "version": "0.8.4",
      "resolved": "https://registry.npmjs.org/@types/aframe/-/aframe-0.8.4.tgz",
      "integrity": "sha512-R2oqbiRZRMj80CHotL/qJ0llxyTRS8sGbFD1hT3KONUwFYmXlYPpgNjzFbveIxDo024OLe3pRSOosOsWWROumg==",
      "requires": {
        "@types/tween.js": "*",
        "three": "*"
      }
    },
    "@types/tween.js": {
      "version": "17.2.0",
      "resolved": "https://registry.npmjs.org/@types/tween.js/-/tween.js-17.2.0.tgz",
      "integrity": "sha512-mOsqurEtFEzwgkVc/jDVE2XrjZBYTbrmDUyCr9GXmnfc6q5otokxFtKvSY/B21zgz9LVRIvRTawKczjKi57wrA=="
    },
    "three": {
      "version": "0.111.0",
      "resolved": "https://registry.npmjs.org/three/-/three-0.111.0.tgz",
      "integrity": "sha512-AcTqyGJ3H75AIusOuADy0LsP958QKQwm/YhABHFMzd6RFXPNVay1rlSbbG6WYv7KM72G2THMMwqbjQd4dVHMkQ=="
    }
  }
}
